
Microsoft Visual Studio Solution File, Format Version 12.00
# Visual Studio Version 17
VisualStudioVersion = 17.10.35027.167
MinimumVisualStudioVersion = 10.0.40219.1
Project("{9A19103F-16F7-4668-BE54-9A1E7A4F7556}") = "MVC", "MVC\MVC.csproj", "{B7D17A51-9A8A-4228-9AAE-98BDC4DC248E}"
EndProject
Project("{9A19103F-16F7-4668-BE54-9A1E7A4F7556}") = "Data", "Data\Data.csproj", "{03CF4A96-CEF2-4A64-917F-284341E6309D}"
EndProject
Project("{9A19103F-16F7-4668-BE54-9A1E7A4F7556}") = "Tests", "Tests\Tests.csproj", "{A08C6E72-7BBC-447C-A68A-8A99D9A44BBB}"
EndProject
Project("{9A19103F-16F7-4668-BE54-9A1E7A4F7556}") = "Service", "Service\Service.csproj", "{575C05D1-5673-4114-AB17-5CBA3A674226}"
EndProject
Project("{9A19103F-16F7-4668-BE54-9A1E7A4F7556}") = "API", "API\API.csproj", "{37150E78-8B3E-47C9-BFA0-92A51A177E6E}"
EndProject
Global
	GlobalSection(SolutionConfigurationPlatforms) = preSolution
		Debug|Any CPU = Debug|Any CPU
		Release|Any CPU = Release|Any CPU
	EndGlobalSection
	GlobalSection(ProjectConfigurationPlatforms) = postSolution
		{B7D17A51-9A8A-4228-9AAE-98BDC4DC248E}.Debug|Any CPU.ActiveCfg = Debug|Any CPU
		{B7D17A51-9A8A-4228-9AAE-98BDC4DC248E}.Debug|Any CPU.Build.0 = Debug|Any CPU
		{B7D17A51-9A8A-4228-9AAE-98BDC4DC248E}.Release|Any CPU.ActiveCfg = Release|Any CPU
		{B7D17A51-9A8A-4228-9AAE-98BDC4DC248E}.Release|Any CPU.Build.0 = Release|Any CPU
		{03CF4A96-CEF2-4A64-917F-284341E6309D}.Debug|Any CPU.ActiveCfg = Debug|Any CPU
		{03CF4A96-CEF2-4A64-917F-284341E6309D}.Debug|Any CPU.Build.0 = Debug|Any CPU
		{03CF4A96-CEF2-4A64-917F-284341E6309D}.Release|Any CPU.ActiveCfg = Release|Any CPU
		{03CF4A96-CEF2-4A64-917F-284341E6309D}.Release|Any CPU.Build.0 = Release|Any CPU
		{A08C6E72-7BBC-447C-A68A-8A99D9A44BBB}.Debug|Any CPU.ActiveCfg = Debug|Any CPU
		{A08C6E72-7BBC-447C-A68A-8A99D9A44BBB}.Debug|Any CPU.Build.0 = Debug|Any CPU
		{A08C6E72-7BBC-447C-A68A-8A99D9A44BBB}.Release|Any CPU.ActiveCfg = Release|Any CPU
		{A08C6E72-7BBC-447C-A68A-8A99D9A44BBB}.Release|Any CPU.Build.0 = Release|Any CPU
		{575C05D1-5673-4114-AB17-5CBA3A674226}.Debug|Any CPU.ActiveCfg = Debug|Any CPU
		{575C05D1-5673-4114-AB17-5CBA3A674226}.Debug|Any CPU.Build.0 = Debug|Any CPU
		{575C05D1-5673-4114-AB17-5CBA3A674226}.Release|Any CPU.ActiveCfg = Release|Any CPU
		{575C05D1-5673-4114-AB17-5CBA3A674226}.Release|Any CPU.Build.0 = Release|Any CPU
		{37150E78-8B3E-47C9-BFA0-92A51A177E6E}.Debug|Any CPU.ActiveCfg = Debug|Any CPU
		{37150E78-8B3E-47C9-BFA0-92A51A177E6E}.Debug|Any CPU.Build.0 = Debug|Any CPU
		{37150E78-8B3E-47C9-BFA0-92A51A177E6E}.Release|Any CPU.ActiveCfg = Release|Any CPU
		{37150E78-8B3E-47C9-BFA0-92A51A177E6E}.Release|Any CPU.Build.0 = Release|Any CPU
	EndGlobalSection
	GlobalSection(SolutionProperties) = preSolution
		HideSolutionNode = FALSE
	EndGlobalSection
	GlobalSection(ExtensibilityGlobals) = postSolution
		SolutionGuid = {2D8CD321-5A35-4C21-AAD2-2E779BB9DCD1}
	EndGlobalSection
EndGlobal
